{
  "version": 4,
  "terraform_version": "0.13.0",
  "serial": 2,
  "lineage": "3d045889-d8a9-fe2f-22cf-5652c8053203",
  "outputs": {
    "ip": {
      "value": "172.16.0.239",
      "type": "string"
    }
  },
  "resources": [
    {
      "mode": "managed",
      "type": "openstack_compute_instance_v2",
      "name": "vm1",
      "provider": "provider[\"registry.terraform.io/terraform-providers/openstack\"]",
      "instances": [
        {
          "schema_version": 0,
          "attributes": {
            "access_ip_v4": "172.16.0.239",
            "access_ip_v6": "",
            "admin_pass": null,
            "all_metadata": {},
            "all_tags": [],
            "availability_zone": "nova",
            "availability_zone_hints": null,
            "block_device": [],
            "config_drive": null,
            "flavor_id": "6ce39269-5822-4236-bbe8-ea5874a4ca2b",
            "flavor_name": "flavor1",
            "floating_ip": null,
            "force_delete": false,
            "id": "4d75e8a4-1700-49fe-abfb-6017b0588fca",
            "image_id": "4a0201de-d93d-45dd-a69e-e1bdb2190204",
            "image_name": "centos7",
            "key_pair": "cccr-key",
            "metadata": null,
            "name": "vm1",
            "network": [
              {
                "access_network": false,
                "fixed_ip_v4": "172.16.0.239",
                "fixed_ip_v6": "",
                "floating_ip": "",
                "mac": "fa:16:3e:68:8a:90",
                "name": "private1",
                "port": "",
                "uuid": "261741d4-dd37-4bae-a796-fffe26a7ee22"
              }
            ],
            "personality": [],
            "power_state": "active",
            "region": "RegionOne",
            "scheduler_hints": [],
            "security_groups": [
              "cccr-sg",
              "default"
            ],
            "stop_before_destroy": false,
            "tags": null,
            "timeouts": null,
            "user_data": null,
            "vendor_options": [],
            "volume": []
          },
          "private": "eyJlMmJmYjczMC1lY2FhLTExZTYtOGY4OC0zNDM2M2JjN2M0YzAiOnsiY3JlYXRlIjoxODAwMDAwMDAwMDAwLCJkZWxldGUiOjE4MDAwMDAwMDAwMDAsInVwZGF0ZSI6MTgwMDAwMDAwMDAwMH19"
        }
      ]
    }
  ]
}
